PODS:
  - IQKeyboardManager (5.0.7)
  - Reveal-SDK (21)
  - SDCycleScrollView (1.65):
    - SDWebImage (~> 3.7)
  - SDWebImage (3.7.6):
    - SDWebImage/Core (= 3.7.6)
  - SDWebImage/Core (3.7.6)
  - TZImagePickerController (1.9.8)

DEPENDENCIES:
  - IQKeyboardManager
  - Reveal-SDK
  - SDCycleScrollView (~> 1.64)
  - SDWebImage (~> 3.7.6)
  - TZImagePickerController

SPEC REPOS:
  https://github.com/cocoapods/specs.git:
    - IQKeyboardManager
    - Reveal-SDK
    - SDCycleScrollView
    - SDWebImage
    - TZImagePickerController

SPEC CHECKSUMS:
  IQKeyboardManager: 0bfa4607d39924116b5c0c8b55b5d789288b5cba
  Reveal-SDK: 3523e0eb7c562811c51bb71da6e523a6373702c8
  SDCycleScrollView: f72904c77698a7f93a41bcbbc2d78b073bf7326c
  SDWebImage: c325cf02c30337336b95beff20a13df489ec0ec9
  TZImagePickerController: 3b9413ae5d049b1fdc5b0c720ad283f35b679a50

PODFILE CHECKSUM: ecd465c49d83a407ce3527ff323b876ea568e888

COCOAPODS: 1.6.1
